Microsoft Visual Studio Solution File, Format Version 8.00
Project("{8BC9CEB8-8B4A-11D0-8D11-00A0C91BC942}") = "mse", "mse.vcproj", "{A78D6E04-7637-4C7A-AC63-DAAC3C4DB81B}"
	ProjectSection(ProjectDependencies) = postProject
	EndProjectSection
EndProject
Global
	GlobalSection(SolutionConfiguration) = preSolution
		Debug = Debug
		Debug Unicode = Debug Unicode
		Debug Unicode NoInit = Debug Unicode NoInit
		Release = Release
		Release Profile Unicode = Release Profile Unicode
		Release Unicode = Release Unicode
		Release Unicode fast build = Release Unicode fast build
	EndGlobalSection
	GlobalSection(ProjectConfiguration) = postSolution
		{A78D6E04-7637-4C7A-AC63-DAAC3C4DB81B}.Debug.ActiveCfg = Debug|Win32
		{A78D6E04-7637-4C7A-AC63-DAAC3C4DB81B}.Debug.Build.0 = Debug|Win32
		{A78D6E04-7637-4C7A-AC63-DAAC3C4DB81B}.Debug Unicode.ActiveCfg = Debug Unicode|Win32
		{A78D6E04-7637-4C7A-AC63-DAAC3C4DB81B}.Debug Unicode.Build.0 = Debug Unicode|Win32
		{A78D6E04-7637-4C7A-AC63-DAAC3C4DB81B}.Debug Unicode NoInit.ActiveCfg = Debug Unicode NoInit|Win32
		{A78D6E04-7637-4C7A-AC63-DAAC3C4DB81B}.Debug Unicode NoInit.Build.0 = Debug Unicode NoInit|Win32
		{A78D6E04-7637-4C7A-AC63-DAAC3C4DB81B}.Release.ActiveCfg = Release|Win32
		{A78D6E04-7637-4C7A-AC63-DAAC3C4DB81B}.Release.Build.0 = Release|Win32
		{A78D6E04-7637-4C7A-AC63-DAAC3C4DB81B}.Release Profile Unicode.ActiveCfg = Release Profile Unicode|Win32
		{A78D6E04-7637-4C7A-AC63-DAAC3C4DB81B}.Release Profile Unicode.Build.0 = Release Profile Unicode|Win32
		{A78D6E04-7637-4C7A-AC63-DAAC3C4DB81B}.Release Unicode.ActiveCfg = Release Unicode|Win32
		{A78D6E04-7637-4C7A-AC63-DAAC3C4DB81B}.Release Unicode fast build.ActiveCfg = Release Unicode fast build|Win32
		{A78D6E04-7637-4C7A-AC63-DAAC3C4DB81B}.Release Unicode fast build.Build.0 = Release Unicode fast build|Win32
	EndGlobalSection
	GlobalSection(ExtensibilityGlobals) = postSolution
	EndGlobalSection
	GlobalSection(ExtensibilityAddIns) = postSolution
	EndGlobalSection
EndGlobal
