Microsoft Visual Studio Solution File, Format Version 10.00
# Visual Studio 2008
Project("{8BC9CEB8-8B4A-11D0-8D11-00A0C91BC942}") = "mse", "mse.vcproj", "{DB9DCD62-4679-47DD-8BEE-8A0191161A51}"
EndProject
Project("{8BC9CEB8-8B4A-11D0-8D11-00A0C91BC942}") = "win32-cli-wrapper", "win32-cli-wrapper.vcproj", "{BCAB273A-CEDE-440D-866D-21AAFEC60218}"
EndProject
Global
	GlobalSection(SolutionConfigurationPlatforms) = preSolution
		Debug Unicode|Win32 = Debug Unicode|Win32
		Debug|Win32 = Debug|Win32
		Release Unicode|Win32 = Release Unicode|Win32
		Release|Win32 = Release|Win32
	EndGlobalSection
	GlobalSection(ProjectConfigurationPlatforms) = postSolution
		{DB9DCD62-4679-47DD-8BEE-8A0191161A51}.Debug Unicode|Win32.ActiveCfg = Debug Unicode|Win32
		{DB9DCD62-4679-47DD-8BEE-8A0191161A51}.Debug Unicode|Win32.Build.0 = Debug Unicode|Win32
		{DB9DCD62-4679-47DD-8BEE-8A0191161A51}.Debug|Win32.ActiveCfg = Debug|Win32
		{DB9DCD62-4679-47DD-8BEE-8A0191161A51}.Debug|Win32.Build.0 = Debug|Win32
		{DB9DCD62-4679-47DD-8BEE-8A0191161A51}.Release Unicode|Win32.ActiveCfg = Release Unicode|Win32
		{DB9DCD62-4679-47DD-8BEE-8A0191161A51}.Release Unicode|Win32.Build.0 = Release Unicode|Win32
		{DB9DCD62-4679-47DD-8BEE-8A0191161A51}.Release|Win32.ActiveCfg = Release Unicode|Win32
		{DB9DCD62-4679-47DD-8BEE-8A0191161A51}.Release|Win32.Build.0 = Release Unicode|Win32
		{BCAB273A-CEDE-440D-866D-21AAFEC60218}.Debug Unicode|Win32.ActiveCfg = Debug|Win32
		{BCAB273A-CEDE-440D-866D-21AAFEC60218}.Debug Unicode|Win32.Build.0 = Debug|Win32
		{BCAB273A-CEDE-440D-866D-21AAFEC60218}.Debug|Win32.ActiveCfg = Debug|Win32
		{BCAB273A-CEDE-440D-866D-21AAFEC60218}.Debug|Win32.Build.0 = Debug|Win32
		{BCAB273A-CEDE-440D-866D-21AAFEC60218}.Release Unicode|Win32.ActiveCfg = Release|Win32
		{BCAB273A-CEDE-440D-866D-21AAFEC60218}.Release Unicode|Win32.Build.0 = Release|Win32
		{BCAB273A-CEDE-440D-866D-21AAFEC60218}.Release|Win32.ActiveCfg = Release|Win32
		{BCAB273A-CEDE-440D-866D-21AAFEC60218}.Release|Win32.Build.0 = Release|Win32
	EndGlobalSection
	GlobalSection(SolutionProperties) = preSolution
		HideSolutionNode = FALSE
	EndGlobalSection
EndGlobal
